{
  "version": 1,
  "dependencies": {
    "net10.0": {
      "Silk.NET.Input": {
        "type": "Direct",
        "requested": "[2.22.0, )",
        "resolved": "2.22.0",
        "contentHash": "1gqbKHrKpBv2Vk983kVpMqXL4Uj36NaUIQ2YbQosFVa3pXJE8UMGiWqKtaeoMqnzItusZ1WYgDHKge37EvNm/w==",
        "dependencies": {
          "Silk.NET.Input.Common": "2.22.0",
          "Silk.NET.Input.Glfw": "2.22.0"
        }
      },
      "Silk.NET.OpenAL": {
        "type": "Direct",
        "requested": "[2.22.0, )",
        "resolved": "2.22.0",
        "contentHash": "YpzIhYRcUZ8dHML8+DUHqEgu0exmZhouWYHGR4AXPtD63YbFuuO4aFqulWkCpIaOvjCdsIWtNKElLJreLxXvFw==",
        "dependencies": {
          "Silk.NET.Core": "2.22.0"
        }
      },
      "Silk.NET.OpenAL.Soft.Native": {
        "type": "Direct",
        "requested": "[1.23.1, )",
        "resolved": "1.23.1",
        "contentHash": "gZIbksInoiXbJZmepYnTs5O6Edg5O5k86c1+Uus0zSaVnQx5WRbInGz2VTlvudbs0qAqXs/asL1YvJzco/nfAQ=="
      },
      "Silk.NET.OpenGL": {
        "type": "Direct",
        "requested": "[2.22.0, )",
        "resolved": "2.22.0",
        "contentHash": "AmbtflPvaGWw7fHEHrcFTd54OTAj0bemzx4WV2ELJdW2NBPSvtyz31nhyuBVTml20+NtW4Z3yhDGUpM6uouVDQ==",
        "dependencies": {
          "Silk.NET.Core": "2.22.0",
          "Silk.NET.Maths": "2.22.0"
        }
      },
      "Silk.NET.Windowing": {
        "type": "Direct",
        "requested": "[2.22.0, )",
        "resolved": "2.22.0",
        "contentHash": "yKGe/8REdm+T43LdtfUpFUx9eQARwx6wTmEoJ2bANVGQPCvWYC2Qi1+haT6n63dyNIX+iJWKg4++F4TFjg0/Fw==",
        "dependencies": {
          "Silk.NET.Windowing.Common": "2.22.0",
          "Silk.NET.Windowing.Glfw": "2.22.0"
        }
      },
      "Silk.NET.Windowing.Sdl": {
        "type": "Direct",
        "requested": "[2.22.0, )",
        "resolved": "2.22.0",
        "contentHash": "IyOJJh8M8VBcjiQ/7U+B+4R4u4gKXDN7PZfwzZ/sgV3eOj2PadDDKxCq11Qzfri2P+XLDxnrVikkNciGkuL/jg==",
        "dependencies": {
          "Silk.NET.SDL": "2.22.0",
          "Silk.NET.Windowing.Common": "2.22.0"
        }
      },
      "StbImageSharp": {
        "type": "Direct",
        "requested": "[2.30.15, )",
        "resolved": "2.30.15",
        "contentHash": "7QqbupVhz2kcFUPTgMw4iHR9rYDHGundzzee19Mwmd1typ2Lnv8EVJcLJxlkeBM2+4ex0NwsMtdbGSJctp1XCQ=="
      },
      "StbImageWriteSharp": {
        "type": "Direct",
        "requested": "[1.16.7, )",
        "resolved": "1.16.7",
        "contentHash": "NF9kOxi0iS9VunklnRKgOpAWC2knCGKRjdy7RT6XAqYNyb7LQfyPHPdl4l1fJw7TFYKrGQzQOmK1XpBONC2MoA=="
      },
      "Stride.Core": {
        "type": "Direct",
        "requested": "[4.3.0.2507, )",
        "resolved": "4.3.0.2507",
        "contentHash": "TTUQ2aaK//vnN1yKqsLkRpjaDX0MU/Bs7SnTKz9tRzBuTHxKzUSy8jpU3ZnmPLZAEMS+Yo3iZgFnYKQZkZ2l+w==",
        "dependencies": {
          "Microsoft.NETCore.Platforms": "7.0.4",
          "ServiceWire": "5.5.4",
          "System.ValueTuple": "4.6.1"
        }
      },
      "Stride.Core.Mathematics": {
        "type": "Direct",
        "requested": "[4.3.0.2507, )",
        "resolved": "4.3.0.2507",
        "contentHash": "6eA15wpW8CAFjsfIoKsdNySbSv0Rg/88FAnt7pJRqOBwr1e3hUDrXpRxCbVY67uN//pAXPEc3oDdOWL+EuRlKA==",
        "dependencies": {
          "Stride.Core": "4.3.0.2507"
        }
      },
      "TextCopy": {
        "type": "Direct",
        "requested": "[6.2.1, )",
        "resolved": "6.2.1",
        "contentHash": "ryejViUBmHQ2XMie2AiRBn7KVKu2Gh/hqrctGSAUf1BufwfPjr+MWuACNBaiG+40TMbWRDJZgV73Tpl9hggeRw==",
        "dependencies": {
          "Microsoft.Extensions.DependencyInjection.Abstractions": "7.0.0"
        }
      },
      "VL.FastNoiseLite": {
        "type": "Direct",
        "requested": "[1.0.1, )",
        "resolved": "1.0.1",
        "contentHash": "cDchb3F2pxDafxFNgtKSfG44yomAdijL2szA0iLhNkvsu3WqpjOvEKoDFi5fF8kiznFYvctzKdGT8l0MwTECqw=="
      },
      "Microsoft.DotNet.PlatformAbstractions": {
        "type": "Transitive",
        "resolved": "3.1.6",
        "contentHash": "jek4XYaQ/PGUwDKKhwR8K47Uh1189PFzMeLqO83mXrXQVIpARZCcfuDedH50YDTepBkfijCZN5U/vZi++erxtg=="
      },
      "Microsoft.Extensions.DependencyInjection.Abstractions": {
        "type": "Transitive",
        "resolved": "7.0.0",
        "contentHash": "h3j/QfmFN4S0w4C2A6X7arXij/M/OVw3uQHSOFxnND4DyAzO1F9eMX7Eti7lU/OkSthEE0WzRsfT/Dmx86jzCw=="
      },
      "Microsoft.Extensions.DependencyModel": {
        "type": "Transitive",
        "resolved": "8.0.0",
        "contentHash": "NSmDw3K0ozNDgShSIpsZcbFIzBX4w28nDag+TfaQujkXGazBm+lid5onlWoCBy4VsLxqnnKjEBbGSJVWJMf43g=="
      },
      "Microsoft.NETCore.Platforms": {
        "type": "Transitive",
        "resolved": "7.0.4",
        "contentHash": "yLEHlNN7O5WiND89r42sepgVwy5W/ZoTiFEdJDV7MHR1lW02LL7Nipz2TD5qM/Kx9W3/k3NP+PAP2qUdOm+leg=="
      },
      "ServiceWire": {
        "type": "Transitive",
        "resolved": "5.5.4",
        "contentHash": "shX+apJwyK1vBZRo6ayhVmrAOYa1BQtab3YHAbr89AZsUPwo35ra3v7EYz/squ2Bba3m6JLHnwA3euCTj6vqaw=="
      },
      "Silk.NET.Core": {
        "type": "Transitive",
        "resolved": "2.22.0",
        "contentHash": "XbDilPmvsQIrvxZkeVCNNX3LyRtA3hN6UykAiyZjlu/JkYh68U3WQummpP+j7jsxlX8s/pOrrU3vbN8LnMl0VA==",
        "dependencies": {
          "Microsoft.DotNet.PlatformAbstractions": "3.1.6",
          "Microsoft.Extensions.DependencyModel": "8.0.0"
        }
      },
      "Silk.NET.GLFW": {
        "type": "Transitive",
        "resolved": "2.22.0",
        "contentHash": "I1u6CmwwtD+5OIHditbMBVHRQUHZWhfW3Z38mvydxwkZpAvjs5BCxyen6ecOVpbYD6I0EOjZ42M3IsaZbwiYUg==",
        "dependencies": {
          "Silk.NET.Core": "2.22.0",
          "Ultz.Native.GLFW": "3.4.0"
        }
      },
      "Silk.NET.Input.Common": {
        "type": "Transitive",
        "resolved": "2.22.0",
        "contentHash": "DZy30akJABBmTnn8OICik0TFEuXrkd7YCQvoq+oh50eJzXt8JgEYYa+sJYBib/Phs5WULZg/QR7fM8Gi1G3tXg==",
        "dependencies": {
          "Silk.NET.Windowing.Common": "2.22.0"
        }
      },
      "Silk.NET.Input.Glfw": {
        "type": "Transitive",
        "resolved": "2.22.0",
        "contentHash": "LZPZT1e/RxnjKfkqlp2Wp8KJFP1Av/ErTCZ00EzZpFR1lhUSBgSmgJwXg6XlWoEJHyeJcsXV688zjoEe6YW0BA==",
        "dependencies": {
          "Silk.NET.Input.Common": "2.22.0",
          "Silk.NET.Windowing.Glfw": "2.22.0"
        }
      },
      "Silk.NET.Maths": {
        "type": "Transitive",
        "resolved": "2.22.0",
        "contentHash": "W9b5UlUGCu5Ywb5f8ZyIWJ475ucY+mT/nEiSTo3JH098VxHaZS/02bYr9f29VWBaJhh3DwMkfxQvgTyXzTrHyw=="
      },
      "Silk.NET.SDL": {
        "type": "Transitive",
        "resolved": "2.22.0",
        "contentHash": "t73lM7RnEX7otXOblQ38zjDbGfdEseJKHGgIaFien9lKjGp1jg28RLEY+toUXT5kH0DzgXGIoYAs7AkcCFyyyg==",
        "dependencies": {
          "Silk.NET.Core": "2.22.0",
          "Silk.NET.Maths": "2.22.0",
          "Ultz.Native.SDL": "2.30.8"
        }
      },
      "Silk.NET.Windowing.Common": {
        "type": "Transitive",
        "resolved": "2.22.0",
        "contentHash": "ynasHSQ4jGrmpn/07UagE3qVNRLzWvg+fbM8uHI0d5LF95y++Kuno42QLkP/UEruC1YovI+NRhMfGJy0gDQaZg==",
        "dependencies": {
          "Silk.NET.Core": "2.22.0",
          "Silk.NET.Maths": "2.22.0"
        }
      },
      "Silk.NET.Windowing.Glfw": {
        "type": "Transitive",
        "resolved": "2.22.0",
        "contentHash": "hBNxNSLvx/jdfvbU6oCsXcgLfqf9hMlEc6Mq/rllJ0eUTLloacuOZHTM8V702QGf7hOR+Mo4bTFqTqBnC0CM7g==",
        "dependencies": {
          "Silk.NET.GLFW": "2.22.0",
          "Silk.NET.Windowing.Common": "2.22.0"
        }
      },
      "System.ValueTuple": {
        "type": "Transitive",
        "resolved": "4.6.1",
        "contentHash": "+RJT4qaekpZ7DDLhf+LTjq+E48jieKiY9ulJ+BoxKmZblIJfIJT8Ufcaa/clQqnYvWs8jugfGSMu8ylS0caG0w=="
      },
      "Ultz.Native.GLFW": {
        "type": "Transitive",
        "resolved": "3.4.0",
        "contentHash": "Iy22JopynbOJ32vA0lBhFEzGi65GQJBuJHYBYRBpydrDpNoTiHnjIXfA65Gu+8qsOr/ZEoIF8r9aHCgAXuO6DA=="
      },
      "Ultz.Native.SDL": {
        "type": "Transitive",
        "resolved": "2.30.8",
        "contentHash": "akI6qe9zjA3T9Y5421cfHYKonIkV1rSr3Dgo5qOwxthXXRwTVsnJwb/Ap2x6/6BZcbhczeY+4aUw+2FYJF9LYw=="
      }
    }
  }
}