{
  "version": 1,
  "dependencies": {
    "net10.0": {
      "DiscordRichPresence": {
        "type": "Direct",
        "requested": "[1.6.1.70, )",
        "resolved": "1.6.1.70",
        "contentHash": "yho1fdhbsedICHdfHe/Tu3IX6a5oj4fiPFL0keZStlsh7T/FrdjcwZZ7C1uC2HUvcXbFh+VEJvcbo1W66QtkUg==",
        "dependencies": {
          "Newtonsoft.Json": "13.0.1"
        }
      },
      "Silk.NET.Input": {
        "type": "Direct",
        "requested": "[2.22.0, )",
        "resolved": "2.22.0",
        "contentHash": "1gqbKHrKpBv2Vk983kVpMqXL4Uj36NaUIQ2YbQosFVa3pXJE8UMGiWqKtaeoMqnzItusZ1WYgDHKge37EvNm/w==",
        "dependencies": {
          "Silk.NET.Input.Common": "2.22.0",
          "Silk.NET.Input.Glfw": "2.22.0"
        }
      },
      "Silk.NET.OpenAL": {
        "type": "Direct",
        "requested": "[2.22.0, )",
        "resolved": "2.22.0",
        "contentHash": "YpzIhYRcUZ8dHML8+DUHqEgu0exmZhouWYHGR4AXPtD63YbFuuO4aFqulWkCpIaOvjCdsIWtNKElLJreLxXvFw==",
        "dependencies": {
          "Silk.NET.Core": "2.22.0"
        }
      },
      "Silk.NET.OpenAL.Soft.Native": {
        "type": "Direct",
        "requested": "[1.23.1, )",
        "resolved": "1.23.1",
        "contentHash": "gZIbksInoiXbJZmepYnTs5O6Edg5O5k86c1+Uus0zSaVnQx5WRbInGz2VTlvudbs0qAqXs/asL1YvJzco/nfAQ=="
      },
      "Silk.NET.OpenGL": {
        "type": "Direct",
        "requested": "[2.22.0, )",
        "resolved": "2.22.0",
        "contentHash": "AmbtflPvaGWw7fHEHrcFTd54OTAj0bemzx4WV2ELJdW2NBPSvtyz31nhyuBVTml20+NtW4Z3yhDGUpM6uouVDQ==",
        "dependencies": {
          "Silk.NET.Core": "2.22.0",
          "Silk.NET.Maths": "2.22.0"
        }
      },
      "Silk.NET.Windowing": {
        "type": "Direct",
        "requested": "[2.22.0, )",
        "resolved": "2.22.0",
        "contentHash": "yKGe/8REdm+T43LdtfUpFUx9eQARwx6wTmEoJ2bANVGQPCvWYC2Qi1+haT6n63dyNIX+iJWKg4++F4TFjg0/Fw==",
        "dependencies": {
          "Silk.NET.Windowing.Common": "2.22.0",
          "Silk.NET.Windowing.Glfw": "2.22.0"
        }
      },
      "Silk.NET.Windowing.Glfw": {
        "type": "Direct",
        "requested": "[2.23.0, )",
        "resolved": "2.23.0",
        "contentHash": "aYBudKmENmvLRn9p15HbdvlQTnnXskcDfTfbYwSb/4fr263rGLwYuDw/txUEc2jihHJiWCp5+75Y7z5wTJWl7g==",
        "dependencies": {
          "Silk.NET.GLFW": "2.23.0",
          "Silk.NET.Windowing.Common": "2.23.0"
        }
      },
      "StbImageSharp": {
        "type": "Direct",
        "requested": "[2.30.15, )",
        "resolved": "2.30.15",
        "contentHash": "7QqbupVhz2kcFUPTgMw4iHR9rYDHGundzzee19Mwmd1typ2Lnv8EVJcLJxlkeBM2+4ex0NwsMtdbGSJctp1XCQ=="
      },
      "StbImageWriteSharp": {
        "type": "Direct",
        "requested": "[1.16.7, )",
        "resolved": "1.16.7",
        "contentHash": "NF9kOxi0iS9VunklnRKgOpAWC2knCGKRjdy7RT6XAqYNyb7LQfyPHPdl4l1fJw7TFYKrGQzQOmK1XpBONC2MoA=="
      },
      "Stride.Core": {
        "type": "Direct",
        "requested": "[4.3.0.2507, )",
        "resolved": "4.3.0.2507",
        "contentHash": "TTUQ2aaK//vnN1yKqsLkRpjaDX0MU/Bs7SnTKz9tRzBuTHxKzUSy8jpU3ZnmPLZAEMS+Yo3iZgFnYKQZkZ2l+w==",
        "dependencies": {
          "Microsoft.NETCore.Platforms": "7.0.4",
          "ServiceWire": "5.5.4",
          "System.ValueTuple": "4.6.1"
        }
      },
      "Stride.Core.Mathematics": {
        "type": "Direct",
        "requested": "[4.3.0.2507, )",
        "resolved": "4.3.0.2507",
        "contentHash": "6eA15wpW8CAFjsfIoKsdNySbSv0Rg/88FAnt7pJRqOBwr1e3hUDrXpRxCbVY67uN//pAXPEc3oDdOWL+EuRlKA==",
        "dependencies": {
          "Stride.Core": "4.3.0.2507"
        }
      },
      "TextCopy": {
        "type": "Direct",
        "requested": "[6.2.1, )",
        "resolved": "6.2.1",
        "contentHash": "ryejViUBmHQ2XMie2AiRBn7KVKu2Gh/hqrctGSAUf1BufwfPjr+MWuACNBaiG+40TMbWRDJZgV73Tpl9hggeRw==",
        "dependencies": {
          "Microsoft.Extensions.DependencyInjection.Abstractions": "7.0.0"
        }
      },
      "VL.FastNoiseLite": {
        "type": "Direct",
        "requested": "[1.0.1, )",
        "resolved": "1.0.1",
        "contentHash": "cDchb3F2pxDafxFNgtKSfG44yomAdijL2szA0iLhNkvsu3WqpjOvEKoDFi5fF8kiznFYvctzKdGT8l0MwTECqw=="
      },
      "Microsoft.DotNet.PlatformAbstractions": {
        "type": "Transitive",
        "resolved": "3.1.6",
        "contentHash": "jek4XYaQ/PGUwDKKhwR8K47Uh1189PFzMeLqO83mXrXQVIpARZCcfuDedH50YDTepBkfijCZN5U/vZi++erxtg=="
      },
      "Microsoft.Extensions.DependencyInjection.Abstractions": {
        "type": "Transitive",
        "resolved": "7.0.0",
        "contentHash": "h3j/QfmFN4S0w4C2A6X7arXij/M/OVw3uQHSOFxnND4DyAzO1F9eMX7Eti7lU/OkSthEE0WzRsfT/Dmx86jzCw=="
      },
      "Microsoft.Extensions.DependencyModel": {
        "type": "Transitive",
        "resolved": "9.0.9",
        "contentHash": "fNGvKct2De8ghm0Bpfq0iWthtzIWabgOTi+gJhNOPhNJIowXNEUE2eZNW/zNCzrHVA3PXg2yZ+3cWZndC2IqYA=="
      },
      "Microsoft.NETCore.Platforms": {
        "type": "Transitive",
        "resolved": "7.0.4",
        "contentHash": "yLEHlNN7O5WiND89r42sepgVwy5W/ZoTiFEdJDV7MHR1lW02LL7Nipz2TD5qM/Kx9W3/k3NP+PAP2qUdOm+leg=="
      },
      "Newtonsoft.Json": {
        "type": "Transitive",
        "resolved": "13.0.1",
        "contentHash": "ppPFpBcvxdsfUonNcvITKqLl3bqxWbDCZIzDWHzjpdAHRFfZe0Dw9HmA0+za13IdyrgJwpkDTDA9fHaxOrt20A=="
      },
      "ServiceWire": {
        "type": "Transitive",
        "resolved": "5.5.4",
        "contentHash": "shX+apJwyK1vBZRo6ayhVmrAOYa1BQtab3YHAbr89AZsUPwo35ra3v7EYz/squ2Bba3m6JLHnwA3euCTj6vqaw=="
      },
      "Silk.NET.Core": {
        "type": "Transitive",
        "resolved": "2.23.0",
        "contentHash": "D7AT/nnwlB+4RZ84XY8QNGBZMJI5z9l4CSSETIJ1wCfRJzRt/341y3MRZ4HbnFz4r/IGaWOEZr86iE+0/65yyQ==",
        "dependencies": {
          "Microsoft.DotNet.PlatformAbstractions": "3.1.6",
          "Microsoft.Extensions.DependencyModel": "9.0.9"
        }
      },
      "Silk.NET.GLFW": {
        "type": "Transitive",
        "resolved": "2.23.0",
        "contentHash": "UIs4sH57xlPUNHQ/1bt9rymPWlGy8IMDCNv86h0iM4TOA1CkIx0XM/n/tA4AReh1zQkNrvkxPEdZ3Blvy1dyXg==",
        "dependencies": {
          "Silk.NET.Core": "2.23.0",
          "Ultz.Native.GLFW": "3.4.0"
        }
      },
      "Silk.NET.Input.Common": {
        "type": "Transitive",
        "resolved": "2.22.0",
        "contentHash": "DZy30akJABBmTnn8OICik0TFEuXrkd7YCQvoq+oh50eJzXt8JgEYYa+sJYBib/Phs5WULZg/QR7fM8Gi1G3tXg==",
        "dependencies": {
          "Silk.NET.Windowing.Common": "2.22.0"
        }
      },
      "Silk.NET.Input.Glfw": {
        "type": "Transitive",
        "resolved": "2.22.0",
        "contentHash": "LZPZT1e/RxnjKfkqlp2Wp8KJFP1Av/ErTCZ00EzZpFR1lhUSBgSmgJwXg6XlWoEJHyeJcsXV688zjoEe6YW0BA==",
        "dependencies": {
          "Silk.NET.Input.Common": "2.22.0",
          "Silk.NET.Windowing.Glfw": "2.22.0"
        }
      },
      "Silk.NET.Maths": {
        "type": "Transitive",
        "resolved": "2.23.0",
        "contentHash": "r8PdIVzME8EH0qAgbmRPO87I4GfgR2j8TofT7EMuRJDf1QluoQwnVypDoFJjQ2ZBSRsGYk5unYxxogI05Ogsmw=="
      },
      "Silk.NET.Windowing.Common": {
        "type": "Transitive",
        "resolved": "2.23.0",
        "contentHash": "ThStSinmY9KQI8DGiF5XEhkLJVnBcgRTBTzL9ijg1wMZAYuckz7ykrNw04fjRm2Gryh6tCNGbvz2XaY0efeFzg==",
        "dependencies": {
          "Silk.NET.Core": "2.23.0",
          "Silk.NET.Maths": "2.23.0"
        }
      },
      "System.ValueTuple": {
        "type": "Transitive",
        "resolved": "4.6.1",
        "contentHash": "+RJT4qaekpZ7DDLhf+LTjq+E48jieKiY9ulJ+BoxKmZblIJfIJT8Ufcaa/clQqnYvWs8jugfGSMu8ylS0caG0w=="
      },
      "Ultz.Native.GLFW": {
        "type": "Transitive",
        "resolved": "3.4.0",
        "contentHash": "Iy22JopynbOJ32vA0lBhFEzGi65GQJBuJHYBYRBpydrDpNoTiHnjIXfA65Gu+8qsOr/ZEoIF8r9aHCgAXuO6DA=="
      }
    }
  }
}